{
  "name": "@builtbyecho/echo-orbit",
  "version": "0.1.2",
  "lockfileVersion": 3,
  "requires": true,
  "packages": {
    "": {
      "name": "@builtbyecho/echo-orbit",
      "version": "0.1.2",
      "license": "MIT",
      "bin": {
        "echo-mcp-ready": "bin/echo-mcp-ready.js",
        "echo-orbit": "bin/echo-orbit.js"
      },
      "engines": {
        "node": ">=20"
      }
    }
  }
}
